{
  "version": 4,
  "terraform_version": "1.9.6",
  "serial": 3,
  "lineage": "316e0b06-d30b-ac05-3c86-ae0b5f02eaa9",
  "outputs": {},
  "resources": [
    {
      "mode": "managed",
      "type": "spotify_playlist",
      "name": "Bollywood",
      "provider": "provider[\"registry.terraform.io/conradludgate/spotify\"]",
      "instances": [
        {
          "schema_version": 0,
          "attributes": {
            "description": "",
            "id": "6DltzuAB0g7PFe6y3803O4",
            "name": "Bollywood",
            "public": true,
            "snapshot_id": "AAAAApNnMVIFDCAQNCIDKsOig+xGgSck",
            "tracks": [
              "131yybV7A3TmC34a0qE8u8",
              "7ynyU7I8T6aWEaKIOrKTxE"
            ]
          },
          "sensitive_attributes": [],
          "private": "bnVsbA=="
        }
      ]
    }
  ],
  "check_results": null
}
